
Microsoft Visual Studio Solution File, Format Version 12.00
# Visual Studio Version 16
VisualStudioVersion = 16.0.31424.327
MinimumVisualStudioVersion = 10.0.40219.1
Project("{FAE04EC0-301F-11D3-BF4B-00C04F79EFBC}") = "MISA.CSharp", "MISA.CSharp\MISA.CSharp.csproj", "{638F194C-C1A8-4DD8-A113-C349D6C616A1}"
EndProject
Global
	GlobalSection(SolutionConfigurationPlatforms) = preSolution
		Debug|Any CPU = Debug|Any CPU
		Release|Any CPU = Release|Any CPU
	EndGlobalSection
	GlobalSection(ProjectConfigurationPlatforms) = postSolution
		{638F194C-C1A8-4DD8-A113-C349D6C616A1}.Debug|Any CPU.ActiveCfg = Debug|Any CPU
		{638F194C-C1A8-4DD8-A113-C349D6C616A1}.Debug|Any CPU.Build.0 = Debug|Any CPU
		{638F194C-C1A8-4DD8-A113-C349D6C616A1}.Release|Any CPU.ActiveCfg = Release|Any CPU
		{638F194C-C1A8-4DD8-A113-C349D6C616A1}.Release|Any CPU.Build.0 = Release|Any CPU
	EndGlobalSection
	GlobalSection(SolutionProperties) = preSolution
		HideSolutionNode = FALSE
	EndGlobalSection
	GlobalSection(ExtensibilityGlobals) = postSolution
		SolutionGuid = {6F3CF20E-9046-458A-972C-B1332D25F38B}
	EndGlobalSection
EndGlobal
